// !$*UTF8*$!
{
	archiveVersion = 1;
	classes = {
	};
	objectVersion = 50;
	objects = {

/* Begin PBXBuildFile section */
		49E10B7066F3C1741149B1EB /* Pods_RealTimeChat.framework in Frameworks */ = {isa = PBXBuildFile; fileRef = 5075868654488E73AEB02871 /* Pods_RealTimeChat.framework */; };
		F50F9A8523CB3919005E6DA6 /* AppDelegate.swift in Sources */ = {isa = PBXBuildFile; fileRef = F50F9A8423CB3919005E6DA6 /* AppDelegate.swift */; };
		F50F9A8723CB3919005E6DA6 /* SceneDelegate.swift in Sources */ = {isa = PBXBuildFile; fileRef = F50F9A8623CB3919005E6DA6 /* SceneDelegate.swift */; };
		F50F9A8923CB3919005E6DA6 /* ViewController.swift in Sources */ = {isa = PBXBuildFile; fileRef = F50F9A8823CB3919005E6DA6 /* ViewController.swift */; };
		F50F9A8C23CB3919005E6DA6 /* Main.storyboard in Resources */ = {isa = PBXBuildFile; fileRef = F50F9A8A23CB3919005E6DA6 /* Main.storyboard */; };
		F50F9A8E23CB391C005E6DA6 /* Assets.xcassets in Resources */ = {isa = PBXBuildFile; fileRef = F50F9A8D23CB391C005E6DA6 /* Assets.xcassets */; };
		F50F9A9123CB391C005E6DA6 /* LaunchScreen.storyboard in Resources */ = {isa = PBXBuildFile; fileRef = F50F9A8F23CB391C005E6DA6 /* LaunchScreen.storyboard */; };
/* End PBXBuildFile section */

/* Begin PBXFileReference section */
		1A7E930E1504F61980A62420 /* Pods-RealTimeChat.release.xcconfig */ = {isa = PBXFileReference; includeInIndex = 1; lastKnownFileType = text.xcconfig; name = "Pods-RealTimeChat.release.xcconfig"; path = "Target Support Files/Pods-RealTimeChat/Pods-RealTimeChat.release.xcconfig"; sourceTree = "<group>"; };
		5075868654488E73AEB02871 /* Pods_RealTimeChat.framework */ = {isa = PBXFileReference; explicitFileType = wrapper.framework; includeInIndex = 0; path = Pods_RealTimeChat.framework; sourceTree = BUILT_PRODUCTS_DIR; };
		6C004C27DAAAA87425C7A63F /* Pods-RealTimeChat.debug.xcconfig */ = {isa = PBXFileReference; includeInIndex = 1; lastKnownFileType = text.xcconfig; name = "Pods-RealTimeChat.debug.xcconfig"; path = "Target Support Files/Pods-RealTimeChat/Pods-RealTimeChat.debug.xcconfig"; sourceTree = "<group>"; };
		F50F9A8123CB3919005E6DA6 /* RealTimeChat.app */ = {isa = PBXFileReference; explicitFileType = wrapper.application; includeInIndex = 0; path = RealTimeChat.app; sourceTree = BUILT_PRODUCTS_DIR; };
		F50F9A8423CB3919005E6DA6 /* AppDelegate.swift */ = {isa = PBXFileReference; lastKnownFileType = sourcecode.swift; path = AppDelegate.swift; sourceTree = "<group>"; };
		F50F9A8623CB3919005E6DA6 /* SceneDelegate.swift */ = {isa = PBXFileReference; lastKnownFileType = sourcecode.swift; path = SceneDelegate.swift; sourceTree = "<group>"; };
		F50F9A8823CB3919005E6DA6 /* ViewController.swift */ = {isa = PBXFileReference; lastKnownFileType = sourcecode.swift; path = ViewController.swift; sourceTree = "<group>"; };
		F50F9A8B23CB3919005E6DA6 /* Base */ = {isa = PBXFileReference; lastKnownFileType = file.storyboard; name = Base; path = Base.lproj/Main.storyboard; sourceTree = "<group>"; };
		F50F9A8D23CB391C005E6DA6 /* Assets.xcassets */ = {isa = PBXFileReference; lastKnownFileType = folder.assetcatalog; path = Assets.xcassets; sourceTree = "<group>"; };
		F50F9A9023CB391C005E6DA6 /* Base */ = {isa = PBXFileReference; lastKnownFileType = file.storyboard; name = Base; path = Base.lproj/LaunchScreen.storyboard; sourceTree = "<group>"; };
		F50F9A9223CB391C005E6DA6 /* Info.plist */ = {isa = PBXFileReference; lastKnownFileType = text.plist.xml; path = Info.plist; sourceTree = "<group>"; };
/* End PBXFileReference section */

/* Begin PBXFrameworksBuildPhase section */
		F50F9A7E23CB3919005E6DA6 /* Frameworks */ = {
			isa = PBXFrameworksBuildPhase;
			buildActionMask = 2147483647;
			files = (
				49E10B7066F3C1741149B1EB /* Pods_RealTimeChat.framework in Frameworks */,
			);
			runOnlyForDeploymentPostprocessing = 0;
		};
/* End PBXFrameworksBuildPhase section */

/* Begin PBXGroup section */
		04DAAECA06CFAFA4AA325751 /* Frameworks */ = {
			isa = PBXGroup;
			children = (
				5075868654488E73AEB02871 /* Pods_RealTimeChat.framework */,
			);
			name = Frameworks;
			sourceTree = "<group>";
		};
		F05DA908106680E838958E75 /* Pods */ = {
			isa = PBXGroup;
			children = (
				6C004C27DAAAA87425C7A63F /* Pods-RealTimeChat.debug.xcconfig */,
				1A7E930E1504F61980A62420 /* Pods-RealTimeChat.release.xcconfig */,
			);
			name = Pods;
			path = Pods;
			sourceTree = "<group>";
		};
		F50F9A7823CB3919005E6DA6 = {
			isa = PBXGroup;
			children = (
				F50F9A8323CB3919005E6DA6 /* RealTimeChat */,
				F50F9A8223CB3919005E6DA6 /* Products */,
				F05DA908106680E838958E75 /* Pods */,
				04DAAECA06CFAFA4AA325751 /* Frameworks */,
			);
			sourceTree = "<group>";
		};
		F50F9A8223CB3919005E6DA6 /* Products */ = {
			isa = PBXGroup;
			children = (
				F50F9A8123CB3919005E6DA6 /* RealTimeChat.app */,
			);
			name = Products;
			sourceTree = "<group>";
		};
		F50F9A8323CB3919005E6DA6 /* RealTimeChat */ = {
			isa = PBXGroup;
			children = (
				F50F9A8423CB3919005E6DA6 /* AppDelegate.swift */,
				F50F9A8623CB3919005E6DA6 /* SceneDelegate.swift */,
				F50F9A8823CB3919005E6DA6 /* ViewController.swift */,
				F50F9A8A23CB3919005E6DA6 /* Main.storyboard */,
				F50F9A8D23CB391C005E6DA6 /* Assets.xcassets */,
				F50F9A8F23CB391C005E6DA6 /* LaunchScreen.storyboard */,
				F50F9A9223CB391C005E6DA6 /* Info.plist */,
			);
			path = RealTimeChat;
			sourceTree = "<group>";
		};
/* End PBXGroup section */

/* Begin PBXNativeTarget section */
		F50F9A8023CB3919005E6DA6 /* RealTimeChat */ = {
			isa = PBXNativeTarget;
			buildConfigurationList = F50F9A9523CB391C005E6DA6 /* Build configuration list for PBXNativeTarget "RealTimeChat" */;
			buildPhases = (
				72FCECECB1B28FAECF6634B8 /* [CP] Check Pods Manifest.lock */,
				F50F9A7D23CB3919005E6DA6 /* Sources */,
				F50F9A7E23CB3919005E6DA6 /* Frameworks */,
				F50F9A7F23CB3919005E6DA6 /* Resources */,
				6D7450B5F4B06F75CF082E5C /* [CP] Embed Pods Frameworks */,
			);
			buildRules = (
			);
			dependencies = (
			);
			name = RealTimeChat;
			productName = RealTimeChat;
			productReference = F50F9A8123CB3919005E6DA6 /* RealTimeChat.app */;
			productType = "com.apple.product-type.application";
		};
/* End PBXNativeTarget section */

/* Begin PBXProject section */
		F50F9A7923CB3919005E6DA6 /* Project object */ = {
			isa = PBXProject;
			attributes = {
				LastSwiftUpdateCheck = 1110;
				LastUpgradeCheck = 1110;
				ORGANIZATIONNAME = "宏輝";
				TargetAttributes = {
					F50F9A8023CB3919005E6DA6 = {
						CreatedOnToolsVersion = 11.1;
					};
				};
			};
			buildConfigurationList = F50F9A7C23CB3919005E6DA6 /* Build configuration list for PBXProject "RealTimeChat" */;
			compatibilityVersion = "Xcode 9.3";
			developmentRegion = en;
			hasScannedForEncodings = 0;
			knownRegions = (
				en,
				Base,
			);
			mainGroup = F50F9A7823CB3919005E6DA6;
			productRefGroup = F50F9A8223CB3919005E6DA6 /* Products */;
			projectDirPath = "";
			projectRoot = "";
			targets = (
				F50F9A8023CB3919005E6DA6 /* RealTimeChat */,
			);
		};
/* End PBXProject section */

/* Begin PBXResourcesBuildPhase section */
		F50F9A7F23CB3919005E6DA6 /* Resources */ = {
			isa = PBXResourcesBuildPhase;
			buildActionMask = 2147483647;
			files = (
				F50F9A9123CB391C005E6DA6 /* LaunchScreen.storyboard in Resources */,
				F50F9A8E23CB391C005E6DA6 /* Assets.xcassets in Resources */,
				F50F9A8C23CB3919005E6DA6 /* Main.storyboard in Resources */,
			);
			runOnlyForDeploymentPostprocessing = 0;
		};
/* End PBXResourcesBuildPhase section */

/* Begin PBXShellScriptBuildPhase section */
		6D7450B5F4B06F75CF082E5C /* [CP] Embed Pods Frameworks */ = {
			isa = PBXShellScriptBuildPhase;
			buildActionMask = 2147483647;
			files = (
			);
			inputFileListPaths = (
				"${PODS_ROOT}/Target Support Files/Pods-RealTimeChat/Pods-RealTimeChat-frameworks-${CONFIGURATION}-input-files.xcfilelist",
			);
			name = "[CP] Embed Pods Frameworks";
			outputFileListPaths = (
				"${PODS_ROOT}/Target Support Files/Pods-RealTimeChat/Pods-RealTimeChat-frameworks-${CONFIGURATION}-output-files.xcfilelist",
			);
			runOnlyForDeploymentPostprocessing = 0;
			shellPath = /bin/sh;
			shellScript = "\"${PODS_ROOT}/Target Support Files/Pods-RealTimeChat/Pods-RealTimeChat-frameworks.sh\"\n";
			showEnvVarsInLog = 0;
		};
		72FCECECB1B28FAECF6634B8 /* [CP] Check Pods Manifest.lock */ = {
			isa = PBXShellScriptBuildPhase;
			buildActionMask = 2147483647;
			files = (
			);
			inputFileListPaths = (
			);
			inputPaths = (
				"${PODS_PODFILE_DIR_PATH}/Podfile.lock",
				"${PODS_ROOT}/Manifest.lock",
			);
			name = "[CP] Check Pods Manifest.lock";
			outputFileListPaths = (
			);
			outputPaths = (
				"$(DERIVED_FILE_DIR)/Pods-RealTimeChat-checkManifestLockResult.txt",
			);
			runOnlyForDeploymentPostprocessing = 0;
			shellPath = /bin/sh;
			shellScript = "diff \"${PODS_PODFILE_DIR_PATH}/Podfile.lock\" \"${PODS_ROOT}/Manifest.lock\" > /dev/null\nif [ $? != 0 ] ; then\n    # print error to STDERR\n    echo \"error: The sandbox is not in sync with the Podfile.lock. Run 'pod install' or update your CocoaPods installation.\" >&2\n    exit 1\nfi\n# This output is used by Xcode 'outputs' to avoid re-running this script phase.\necho \"SUCCESS\" > \"${SCRIPT_OUTPUT_FILE_0}\"\n";
			showEnvVarsInLog = 0;
		};
/* End PBXShellScriptBuildPhase section */

/* Begin PBXSourcesBuildPhase section */
		F50F9A7D23CB3919005E6DA6 /* Sources */ = {
			isa = PBXSourcesBuildPhase;
			buildActionMask = 2147483647;
			files = (
				F50F9A8923CB3919005E6DA6 /* ViewController.swift in Sources */,
				F50F9A8523CB3919005E6DA6 /* AppDelegate.swift in Sources */,
				F50F9A8723CB3919005E6DA6 /* SceneDelegate.swift in Sources */,
			);
			runOnlyForDeploymentPostprocessing = 0;
		};
/* End PBXSourcesBuildPhase section */

/* Begin PBXVariantGroup section */
		F50F9A8A23CB3919005E6DA6 /* Main.storyboard */ = {
			isa = PBXVariantGroup;
			children = (
				F50F9A8B23CB3919005E6DA6 /* Base */,
			);
			name = Main.storyboard;
			sourceTree = "<group>";
		};
		F50F9A8F23CB391C005E6DA6 /* LaunchScreen.storyboard */ = {
			isa = PBXVariantGroup;
			children = (
				F50F9A9023CB391C005E6DA6 /* Base */,
			);
			name = LaunchScreen.storyboard;
			sourceTree = "<group>";
		};
/* End PBXVariantGroup section */

/* Begin XCBuildConfiguration section */
		F50F9A9323CB391C005E6DA6 /* Debug */ = {
			isa = XCBuildConfiguration;
			buildSettings = {
				ALWAYS_SEARCH_USER_PATHS = NO;
				CLANG_ANALYZER_NONNULL = YES;
				CLANG_ANALYZER_NUMBER_OBJECT_CONVERSION = YES_AGGRESSIVE;
				CLANG_CXX_LANGUAGE_STANDARD = "gnu++14";
				CLANG_CXX_LIBRARY = "libc++";
				CLANG_ENABLE_MODULES = YES;
				CLANG_ENABLE_OBJC_ARC = YES;
				CLANG_ENABLE_OBJC_WEAK = YES;
				CLANG_WARN_BLOCK_CAPTURE_AUTORELEASING = YES;
				CLANG_WARN_BOOL_CONVERSION = YES;
				CLANG_WARN_COMMA = YES;
				CLANG_WARN_CONSTANT_CONVERSION = YES;
				CLANG_WARN_DEPRECATED_OBJC_IMPLEMENTATIONS = YES;
				CLANG_WARN_DIRECT_OBJC_ISA_USAGE = YES_ERROR;
				CLANG_WARN_DOCUMENTATION_COMMENTS = YES;
				CLANG_WARN_EMPTY_BODY = YES;
				CLANG_WARN_ENUM_CONVERSION = YES;
				CLANG_WARN_INFINITE_RECURSION = YES;
				CLANG_WARN_INT_CONVERSION = YES;
				CLANG_WARN_NON_LITERAL_NULL_CONVERSION = YES;
				CLANG_WARN_OBJC_IMPLICIT_RETAIN_SELF = YES;
				CLANG_WARN_OBJC_LITERAL_CONVERSION = YES;
				CLANG_WARN_OBJC_ROOT_CLASS = YES_ERROR;
				CLANG_WARN_RANGE_LOOP_ANALYSIS = YES;
				CLANG_WARN_STRICT_PROTOTYPES = YES;
				CLANG_WARN_SUSPICIOUS_MOVE = YES;
				CLANG_WARN_UNGUARDED_AVAILABILITY = YES_AGGRESSIVE;
				CLANG_WARN_UNREACHABLE_CODE = YES;
				CLANG_WARN__DUPLICATE_METHOD_MATCH = YES;
				COPY_PHASE_STRIP = NO;
				DEBUG_INFORMATION_FORMAT = dwarf;
				ENABLE_STRICT_OBJC_MSGSEND = YES;
				ENABLE_TESTABILITY = YES;
				GCC_C_LANGUAGE_STANDARD = gnu11;
				GCC_DYNAMIC_NO_PIC = NO;
				GCC_NO_COMMON_BLOCKS = YES;
				GCC_OPTIMIZATION_LEVEL = 0;
				GCC_PREPROCESSOR_DEFINITIONS = (
					"DEBUG=1",
					"$(inherited)",
				);
				GCC_WARN_64_TO_32_BIT_CONVERSION = YES;
				GCC_WARN_ABOUT_RETURN_TYPE = YES_ERROR;
				GCC_WARN_UNDECLARED_SELECTOR = YES;
				GCC_WARN_UNINITIALIZED_AUTOS = YES_AGGRESSIVE;
				GCC_WARN_UNUSED_FUNCTION = YES;
				GCC_WARN_UNUSED_VARIABLE = YES;
				IPHONEOS_DEPLOYMENT_TARGET = 13.1;
				MTL_ENABLE_DEBUG_INFO = INCLUDE_SOURCE;
				MTL_FAST_MATH = YES;
				ONLY_ACTIVE_ARCH = YES;
				SDKROOT = iphoneos;
				SWIFT_ACTIVE_COMPILATION_CONDITIONS = DEBUG;
				SWIFT_OPTIMIZATION_LEVEL = "-Onone";
			};
			name = Debug;
		};
		F50F9A9423CB391C005E6DA6 /* Release */ = {
			isa = XCBuildConfiguration;
			buildSettings = {
				ALWAYS_SEARCH_USER_PATHS = NO;
				CLANG_ANALYZER_NONNULL = YES;
				CLANG_ANALYZER_NUMBER_OBJECT_CONVERSION = YES_AGGRESSIVE;
				CLANG_CXX_LANGUAGE_STANDARD = "gnu++14";
				CLANG_CXX_LIBRARY = "libc++";
				CLANG_ENABLE_MODULES = YES;
				CLANG_ENABLE_OBJC_ARC = YES;
				CLANG_ENABLE_OBJC_WEAK = YES;
				CLANG_WARN_BLOCK_CAPTURE_AUTORELEASING = YES;
				CLANG_WARN_BOOL_CONVERSION = YES;
				CLANG_WARN_COMMA = YES;
				CLANG_WARN_CONSTANT_CONVERSION = YES;
				CLANG_WARN_DEPRECATED_OBJC_IMPLEMENTATIONS = YES;
				CLANG_WARN_DIRECT_OBJC_ISA_USAGE = YES_ERROR;
				CLANG_WARN_DOCUMENTATION_COMMENTS = YES;
				CLANG_WARN_EMPTY_BODY = YES;
				CLANG_WARN_ENUM_CONVERSION = YES;
				CLANG_WARN_INFINITE_RECURSION = YES;
				CLANG_WARN_INT_CONVERSION = YES;
				CLANG_WARN_NON_LITERAL_NULL_CONVERSION = YES;
				CLANG_WARN_OBJC_IMPLICIT_RETAIN_SELF = YES;
				CLANG_WARN_OBJC_LITERAL_CONVERSION = YES;
				CLANG_WARN_OBJC_ROOT_CLASS = YES_ERROR;
				CLANG_WARN_RANGE_LOOP_ANALYSIS = YES;
				CLANG_WARN_STRICT_PROTOTYPES = YES;
				CLANG_WARN_SUSPICIOUS_MOVE = YES;
				CLANG_WARN_UNGUARDED_AVAILABILITY = YES_AGGRESSIVE;
				CLANG_WARN_UNREACHABLE_CODE = YES;
				CLANG_WARN__DUPLICATE_METHOD_MATCH = YES;
				COPY_PHASE_STRIP = NO;
				DEBUG_INFORMATION_FORMAT = "dwarf-with-dsym";
				ENABLE_NS_ASSERTIONS = NO;
				ENABLE_STRICT_OBJC_MSGSEND = YES;
				GCC_C_LANGUAGE_STANDARD = gnu11;
				GCC_NO_COMMON_BLOCKS = YES;
				GCC_WARN_64_TO_32_BIT_CONVERSION = YES;
				GCC_WARN_ABOUT_RETURN_TYPE = YES_ERROR;
				GCC_WARN_UNDECLARED_SELECTOR = YES;
				GCC_WARN_UNINITIALIZED_AUTOS = YES_AGGRESSIVE;
				GCC_WARN_UNUSED_FUNCTION = YES;
				GCC_WARN_UNUSED_VARIABLE = YES;
				IPHONEOS_DEPLOYMENT_TARGET = 13.1;
				MTL_ENABLE_DEBUG_INFO = NO;
				MTL_FAST_MATH = YES;
				SDKROOT = iphoneos;
				SWIFT_COMPILATION_MODE = wholemodule;
				SWIFT_OPTIMIZATION_LEVEL = "-O";
				VALIDATE_PRODUCT = YES;
			};
			name = Release;
		};
		F50F9A9623CB391C005E6DA6 /* Debug */ = {
			isa = XCBuildConfiguration;
			baseConfigurationReference = 6C004C27DAAAA87425C7A63F /* Pods-RealTimeChat.debug.xcconfig */;
			buildSettings = {
				ASSETCATALOG_COMPILER_APPICON_NAME = AppIcon;
				CODE_SIGN_STYLE = Automatic;
				DEVELOPMENT_TEAM = K6FA22KGKX;
				INFOPLIST_FILE = RealTimeChat/Info.plist;
				LD_RUNPATH_SEARCH_PATHS = (
					"$(inherited)",
					"@executable_path/Frameworks",
				);
				PRODUCT_BUNDLE_IDENTIFIER = com.withios.RealTimeChat;
				PRODUCT_NAME = "$(TARGET_NAME)";
				SWIFT_VERSION = 5.0;
				TARGETED_DEVICE_FAMILY = "1,2";
			};
			name = Debug;
		};
		F50F9A9723CB391C005E6DA6 /* Release */ = {
			isa = XCBuildConfiguration;
			baseConfigurationReference = 1A7E930E1504F61980A62420 /* Pods-RealTimeChat.release.xcconfig */;
			buildSettings = {
				ASSETCATALOG_COMPILER_APPICON_NAME = AppIcon;
				CODE_SIGN_STYLE = Automatic;
				DEVELOPMENT_TEAM = K6FA22KGKX;
				INFOPLIST_FILE = RealTimeChat/Info.plist;
				LD_RUNPATH_SEARCH_PATHS = (
					"$(inherited)",
					"@executable_path/Frameworks",
				);
				PRODUCT_BUNDLE_IDENTIFIER = com.withios.RealTimeChat;
				PRODUCT_NAME = "$(TARGET_NAME)";
				SWIFT_VERSION = 5.0;
				TARGETED_DEVICE_FAMILY = "1,2";
			};
			name = Release;
		};
/* End XCBuildConfiguration section */

/* Begin XCConfigurationList section */
		F50F9A7C23CB3919005E6DA6 /* Build configuration list for PBXProject "RealTimeChat" */ = {
			isa = XCConfigurationList;
			buildConfigurations = (
				F50F9A9323CB391C005E6DA6 /* Debug */,
				F50F9A9423CB391C005E6DA6 /* Release */,
			);
			defaultConfigurationIsVisible = 0;
			defaultConfigurationName = Release;
		};
		F50F9A9523CB391C005E6DA6 /* Build configuration list for PBXNativeTarget "RealTimeChat" */ = {
			isa = XCConfigurationList;
			buildConfigurations = (
				F50F9A9623CB391C005E6DA6 /* Debug */,
				F50F9A9723CB391C005E6DA6 /* Release */,
			);
			defaultConfigurationIsVisible = 0;
			defaultConfigurationName = Release;
		};
/* End XCConfigurationList section */
	};
	rootObject = F50F9A7923CB3919005E6DA6 /* Project object */;
}
